// !$*UTF8*$!
{
	archiveVersion = 1;
	classes = {
	};
	objectVersion = 56;
	objects = {

/* Begin PBXBuildFile section */
		6F24660A29A4ECD700C4D534 /* AppDelegate.swift in Sources */ = {isa = PBXBuildFile; fileRef = 6F24660929A4ECD700C4D534 /* AppDelegate.swift */; };
		6F24660C29A4ECD700C4D534 /* SceneDelegate.swift in Sources */ = {isa = PBXBuildFile; fileRef = 6F24660B29A4ECD700C4D534 /* SceneDelegate.swift */; };
		6F24660E29A4ECD700C4D534 /* ViewController.swift in Sources */ = {isa = PBXBuildFile; fileRef = 6F24660D29A4ECD700C4D534 /* ViewController.swift */; };
		6F24661129A4ECD700C4D534 /* Main.storyboard in Resources */ = {isa = PBXBuildFile; fileRef = 6F24660F29A4ECD700C4D534 /* Main.storyboard */; };
		6F24661329A4ECD800C4D534 /* Assets.xcassets in Resources */ = {isa = PBXBuildFile; fileRef = 6F24661229A4ECD800C4D534 /* Assets.xcassets */; };
		6F24661629A4ECD800C4D534 /* LaunchScreen.storyboard in Resources */ = {isa = PBXBuildFile; fileRef = 6F24661429A4ECD800C4D534 /* LaunchScreen.storyboard */; };
		6F24662129A4ECD900C4D534 /* _4Topic_MVVMTests.swift in Sources */ = {isa = PBXBuildFile; fileRef = 6F24662029A4ECD900C4D534 /* _4Topic_MVVMTests.swift */; };
		6F24662B29A4ECD900C4D534 /* _4Topic_MVVMUITests.swift in Sources */ = {isa = PBXBuildFile; fileRef = 6F24662A29A4ECD900C4D534 /* _4Topic_MVVMUITests.swift */; };
		6F24662D29A4ECD900C4D534 /* _4Topic_MVVMUITestsLaunchTests.swift in Sources */ = {isa = PBXBuildFile; fileRef = 6F24662C29A4ECD900C4D534 /* _4Topic_MVVMUITestsLaunchTests.swift */; };
/* End PBXBuildFile section */

/* Begin PBXContainerItemProxy section */
		6F24661D29A4ECD900C4D534 /* PBXContainerItemProxy */ = {
			isa = PBXContainerItemProxy;
			containerPortal = 6F2465FE29A4ECD700C4D534 /* Project object */;
			proxyType = 1;
			remoteGlobalIDString = 6F24660529A4ECD700C4D534;
			remoteInfo = "14Topic MVVM";
		};
		6F24662729A4ECD900C4D534 /* PBXContainerItemProxy */ = {
			isa = PBXContainerItemProxy;
			containerPortal = 6F2465FE29A4ECD700C4D534 /* Project object */;
			proxyType = 1;
			remoteGlobalIDString = 6F24660529A4ECD700C4D534;
			remoteInfo = "14Topic MVVM";
		};
/* End PBXContainerItemProxy section */

/* Begin PBXFileReference section */
		6F24660629A4ECD700C4D534 /* 14Topic MVVM.app */ = {isa = PBXFileReference; explicitFileType = wrapper.application; includeInIndex = 0; path = "14Topic MVVM.app"; sourceTree = BUILT_PRODUCTS_DIR; };
		6F24660929A4ECD700C4D534 /* AppDelegate.swift */ = {isa = PBXFileReference; lastKnownFileType = sourcecode.swift; path = AppDelegate.swift; sourceTree = "<group>"; };
		6F24660B29A4ECD700C4D534 /* SceneDelegate.swift */ = {isa = PBXFileReference; lastKnownFileType = sourcecode.swift; path = SceneDelegate.swift; sourceTree = "<group>"; };
		6F24660D29A4ECD700C4D534 /* ViewController.swift */ = {isa = PBXFileReference; lastKnownFileType = sourcecode.swift; path = ViewController.swift; sourceTree = "<group>"; };
		6F24661029A4ECD700C4D534 /* Base */ = {isa = PBXFileReference; lastKnownFileType = file.storyboard; name = Base; path = Base.lproj/Main.storyboard; sourceTree = "<group>"; };
		6F24661229A4ECD800C4D534 /* Assets.xcassets */ = {isa = PBXFileReference; lastKnownFileType = folder.assetcatalog; path = Assets.xcassets; sourceTree = "<group>"; };
		6F24661529A4ECD800C4D534 /* Base */ = {isa = PBXFileReference; lastKnownFileType = file.storyboard; name = Base; path = Base.lproj/LaunchScreen.storyboard; sourceTree = "<group>"; };
		6F24661729A4ECD800C4D534 /* Info.plist */ = {isa = PBXFileReference; lastKnownFileType = text.plist.xml; path = Info.plist; sourceTree = "<group>"; };
		6F24661C29A4ECD900C4D534 /* 14Topic MVVMTests.xctest */ = {isa = PBXFileReference; explicitFileType = wrapper.cfbundle; includeInIndex = 0; path = "14Topic MVVMTests.xctest"; sourceTree = BUILT_PRODUCTS_DIR; };
		6F24662029A4ECD900C4D534 /* _4Topic_MVVMTests.swift */ = {isa = PBXFileReference; lastKnownFileType = sourcecode.swift; path = _4Topic_MVVMTests.swift; sourceTree = "<group>"; };
		6F24662629A4ECD900C4D534 /* 14Topic MVVMUITests.xctest */ = {isa = PBXFileReference; explicitFileType = wrapper.cfbundle; includeInIndex = 0; path = "14Topic MVVMUITests.xctest"; sourceTree = BUILT_PRODUCTS_DIR; };
		6F24662A29A4ECD900C4D534 /* _4Topic_MVVMUITests.swift */ = {isa = PBXFileReference; lastKnownFileType = sourcecode.swift; path = _4Topic_MVVMUITests.swift; sourceTree = "<group>"; };
		6F24662C29A4ECD900C4D534 /* _4Topic_MVVMUITestsLaunchTests.swift */ = {isa = PBXFileReference; lastKnownFileType = sourcecode.swift; path = _4Topic_MVVMUITestsLaunchTests.swift; sourceTree = "<group>"; };
/* End PBXFileReference section */

/* Begin PBXFrameworksBuildPhase section */
		6F24660329A4ECD700C4D534 /* Frameworks */ = {
			isa = PBXFrameworksBuildPhase;
			buildActionMask = 2147483647;
			files = (
			);
			runOnlyForDeploymentPostprocessing = 0;
		};
		6F24661929A4ECD900C4D534 /* Frameworks */ = {
			isa = PBXFrameworksBuildPhase;
			buildActionMask = 2147483647;
			files = (
			);
			runOnlyForDeploymentPostprocessing = 0;
		};
		6F24662329A4ECD900C4D534 /* Frameworks */ = {
			isa = PBXFrameworksBuildPhase;
			buildActionMask = 2147483647;
			files = (
			);
			runOnlyForDeploymentPostprocessing = 0;
		};
/* End PBXFrameworksBuildPhase section */

/* Begin PBXGroup section */
		6F2465FD29A4ECD700C4D534 = {
			isa = PBXGroup;
			children = (
				6F24660829A4ECD700C4D534 /* 14Topic MVVM */,
				6F24661F29A4ECD900C4D534 /* 14Topic MVVMTests */,
				6F24662929A4ECD900C4D534 /* 14Topic MVVMUITests */,
				6F24660729A4ECD700C4D534 /* Products */,
			);
			sourceTree = "<group>";
		};
		6F24660729A4ECD700C4D534 /* Products */ = {
			isa = PBXGroup;
			children = (
				6F24660629A4ECD700C4D534 /* 14Topic MVVM.app */,
				6F24661C29A4ECD900C4D534 /* 14Topic MVVMTests.xctest */,
				6F24662629A4ECD900C4D534 /* 14Topic MVVMUITests.xctest */,
			);
			name = Products;
			sourceTree = "<group>";
		};
		6F24660829A4ECD700C4D534 /* 14Topic MVVM */ = {
			isa = PBXGroup;
			children = (
				6F24660929A4ECD700C4D534 /* AppDelegate.swift */,
				6F24660B29A4ECD700C4D534 /* SceneDelegate.swift */,
				6F24660D29A4ECD700C4D534 /* ViewController.swift */,
				6F24660F29A4ECD700C4D534 /* Main.storyboard */,
				6F24661229A4ECD800C4D534 /* Assets.xcassets */,
				6F24661429A4ECD800C4D534 /* LaunchScreen.storyboard */,
				6F24661729A4ECD800C4D534 /* Info.plist */,
			);
			path = "14Topic MVVM";
			sourceTree = "<group>";
		};
		6F24661F29A4ECD900C4D534 /* 14Topic MVVMTests */ = {
			isa = PBXGroup;
			children = (
				6F24662029A4ECD900C4D534 /* _4Topic_MVVMTests.swift */,
			);
			path = "14Topic MVVMTests";
			sourceTree = "<group>";
		};
		6F24662929A4ECD900C4D534 /* 14Topic MVVMUITests */ = {
			isa = PBXGroup;
			children = (
				6F24662A29A4ECD900C4D534 /* _4Topic_MVVMUITests.swift */,
				6F24662C29A4ECD900C4D534 /* _4Topic_MVVMUITestsLaunchTests.swift */,
			);
			path = "14Topic MVVMUITests";
			sourceTree = "<group>";
		};
/* End PBXGroup section */

/* Begin PBXNativeTarget section */
		6F24660529A4ECD700C4D534 /* 14Topic MVVM */ = {
			isa = PBXNativeTarget;
			buildConfigurationList = 6F24663029A4ECD900C4D534 /* Build configuration list for PBXNativeTarget "14Topic MVVM" */;
			buildPhases = (
				6F24660229A4ECD700C4D534 /* Sources */,
				6F24660329A4ECD700C4D534 /* Frameworks */,
				6F24660429A4ECD700C4D534 /* Resources */,
			);
			buildRules = (
			);
			dependencies = (
			);
			name = "14Topic MVVM";
			productName = "14Topic MVVM";
			productReference = 6F24660629A4ECD700C4D534 /* 14Topic MVVM.app */;
			productType = "com.apple.product-type.application";
		};
		6F24661B29A4ECD900C4D534 /* 14Topic MVVMTests */ = {
			isa = PBXNativeTarget;
			buildConfigurationList = 6F24663329A4ECD900C4D534 /* Build configuration list for PBXNativeTarget "14Topic MVVMTests" */;
			buildPhases = (
				6F24661829A4ECD900C4D534 /* Sources */,
				6F24661929A4ECD900C4D534 /* Frameworks */,
				6F24661A29A4ECD900C4D534 /* Resources */,
			);
			buildRules = (
			);
			dependencies = (
				6F24661E29A4ECD900C4D534 /* PBXTargetDependency */,
			);
			name = "14Topic MVVMTests";
			productName = "14Topic MVVMTests";
			productReference = 6F24661C29A4ECD900C4D534 /* 14Topic MVVMTests.xctest */;
			productType = "com.apple.product-type.bundle.unit-test";
		};
		6F24662529A4ECD900C4D534 /* 14Topic MVVMUITests */ = {
			isa = PBXNativeTarget;
			buildConfigurationList = 6F24663629A4ECD900C4D534 /* Build configuration list for PBXNativeTarget "14Topic MVVMUITests" */;
			buildPhases = (
				6F24662229A4ECD900C4D534 /* Sources */,
				6F24662329A4ECD900C4D534 /* Frameworks */,
				6F24662429A4ECD900C4D534 /* Resources */,
			);
			buildRules = (
			);
			dependencies = (
				6F24662829A4ECD900C4D534 /* PBXTargetDependency */,
			);
			name = "14Topic MVVMUITests";
			productName = "14Topic MVVMUITests";
			productReference = 6F24662629A4ECD900C4D534 /* 14Topic MVVMUITests.xctest */;
			productType = "com.apple.product-type.bundle.ui-testing";
		};
/* End PBXNativeTarget section */

/* Begin PBXProject section */
		6F2465FE29A4ECD700C4D534 /* Project object */ = {
			isa = PBXProject;
			attributes = {
				BuildIndependentTargetsInParallel = 1;
				LastSwiftUpdateCheck = 1420;
				LastUpgradeCheck = 1420;
				TargetAttributes = {
					6F24660529A4ECD700C4D534 = {
						CreatedOnToolsVersion = 14.2;
					};
					6F24661B29A4ECD900C4D534 = {
						CreatedOnToolsVersion = 14.2;
						TestTargetID = 6F24660529A4ECD700C4D534;
					};
					6F24662529A4ECD900C4D534 = {
						CreatedOnToolsVersion = 14.2;
						TestTargetID = 6F24660529A4ECD700C4D534;
					};
				};
			};
			buildConfigurationList = 6F24660129A4ECD700C4D534 /* Build configuration list for PBXProject "14Topic MVVM" */;
			compatibilityVersion = "Xcode 14.0";
			developmentRegion = en;
			hasScannedForEncodings = 0;
			knownRegions = (
				en,
				Base,
			);
			mainGroup = 6F2465FD29A4ECD700C4D534;
			productRefGroup = 6F24660729A4ECD700C4D534 /* Products */;
			projectDirPath = "";
			projectRoot = "";
			targets = (
				6F24660529A4ECD700C4D534 /* 14Topic MVVM */,
				6F24661B29A4ECD900C4D534 /* 14Topic MVVMTests */,
				6F24662529A4ECD900C4D534 /* 14Topic MVVMUITests */,
			);
		};
/* End PBXProject section */

/* Begin PBXResourcesBuildPhase section */
		6F24660429A4ECD700C4D534 /* Resources */ = {
			isa = PBXResourcesBuildPhase;
			buildActionMask = 2147483647;
			files = (
				6F24661629A4ECD800C4D534 /* LaunchScreen.storyboard in Resources */,
				6F24661329A4ECD800C4D534 /* Assets.xcassets in Resources */,
				6F24661129A4ECD700C4D534 /* Main.storyboard in Resources */,
			);
			runOnlyForDeploymentPostprocessing = 0;
		};
		6F24661A29A4ECD900C4D534 /* Resources */ = {
			isa = PBXResourcesBuildPhase;
			buildActionMask = 2147483647;
			files = (
			);
			runOnlyForDeploymentPostprocessing = 0;
		};
		6F24662429A4ECD900C4D534 /* Resources */ = {
			isa = PBXResourcesBuildPhase;
			buildActionMask = 2147483647;
			files = (
			);
			runOnlyForDeploymentPostprocessing = 0;
		};
/* End PBXResourcesBuildPhase section */

/* Begin PBXSourcesBuildPhase section */
		6F24660229A4ECD700C4D534 /* Sources */ = {
			isa = PBXSourcesBuildPhase;
			buildActionMask = 2147483647;
			files = (
				6F24660E29A4ECD700C4D534 /* ViewController.swift in Sources */,
				6F24660A29A4ECD700C4D534 /* AppDelegate.swift in Sources */,
				6F24660C29A4ECD700C4D534 /* SceneDelegate.swift in Sources */,
			);
			runOnlyForDeploymentPostprocessing = 0;
		};
		6F24661829A4ECD900C4D534 /* Sources */ = {
			isa = PBXSourcesBuildPhase;
			buildActionMask = 2147483647;
			files = (
				6F24662129A4ECD900C4D534 /* _4Topic_MVVMTests.swift in Sources */,
			);
			runOnlyForDeploymentPostprocessing = 0;
		};
		6F24662229A4ECD900C4D534 /* Sources */ = {
			isa = PBXSourcesBuildPhase;
			buildActionMask = 2147483647;
			files = (
				6F24662B29A4ECD900C4D534 /* _4Topic_MVVMUITests.swift in Sources */,
				6F24662D29A4ECD900C4D534 /* _4Topic_MVVMUITestsLaunchTests.swift in Sources */,
			);
			runOnlyForDeploymentPostprocessing = 0;
		};
/* End PBXSourcesBuildPhase section */

/* Begin PBXTargetDependency section */
		6F24661E29A4ECD900C4D534 /* PBXTargetDependency */ = {
			isa = PBXTargetDependency;
			target = 6F24660529A4ECD700C4D534 /* 14Topic MVVM */;
			targetProxy = 6F24661D29A4ECD900C4D534 /* PBXContainerItemProxy */;
		};
		6F24662829A4ECD900C4D534 /* PBXTargetDependency */ = {
			isa = PBXTargetDependency;
			target = 6F24660529A4ECD700C4D534 /* 14Topic MVVM */;
			targetProxy = 6F24662729A4ECD900C4D534 /* PBXContainerItemProxy */;
		};
/* End PBXTargetDependency section */

/* Begin PBXVariantGroup section */
		6F24660F29A4ECD700C4D534 /* Main.storyboard */ = {
			isa = PBXVariantGroup;
			children = (
				6F24661029A4ECD700C4D534 /* Base */,
			);
			name = Main.storyboard;
			sourceTree = "<group>";
		};
		6F24661429A4ECD800C4D534 /* LaunchScreen.storyboard */ = {
			isa = PBXVariantGroup;
			children = (
				6F24661529A4ECD800C4D534 /* Base */,
			);
			name = LaunchScreen.storyboard;
			sourceTree = "<group>";
		};
/* End PBXVariantGroup section */

/* Begin XCBuildConfiguration section */
		6F24662E29A4ECD900C4D534 /* Debug */ = {
			isa = XCBuildConfiguration;
			buildSettings = {
				ALWAYS_SEARCH_USER_PATHS = NO;
				CLANG_ANALYZER_NONNULL = YES;
				CLANG_ANALYZER_NUMBER_OBJECT_CONVERSION = YES_AGGRESSIVE;
				CLANG_CXX_LANGUAGE_STANDARD = "gnu++20";
				CLANG_ENABLE_MODULES = YES;
				CLANG_ENABLE_OBJC_ARC = YES;
				CLANG_ENABLE_OBJC_WEAK = YES;
				CLANG_WARN_BLOCK_CAPTURE_AUTORELEASING = YES;
				CLANG_WARN_BOOL_CONVERSION = YES;
				CLANG_WARN_COMMA = YES;
				CLANG_WARN_CONSTANT_CONVERSION = YES;
				CLANG_WARN_DEPRECATED_OBJC_IMPLEMENTATIONS = YES;
				CLANG_WARN_DIRECT_OBJC_ISA_USAGE = YES_ERROR;
				CLANG_WARN_DOCUMENTATION_COMMENTS = YES;
				CLANG_WARN_EMPTY_BODY = YES;
				CLANG_WARN_ENUM_CONVERSION = YES;
				CLANG_WARN_INFINITE_RECURSION = YES;
				CLANG_WARN_INT_CONVERSION = YES;
				CLANG_WARN_NON_LITERAL_NULL_CONVERSION = YES;
				CLANG_WARN_OBJC_IMPLICIT_RETAIN_SELF = YES;
				CLANG_WARN_OBJC_LITERAL_CONVERSION = YES;
				CLANG_WARN_OBJC_ROOT_CLASS = YES_ERROR;
				CLANG_WARN_QUOTED_INCLUDE_IN_FRAMEWORK_HEADER = YES;
				CLANG_WARN_RANGE_LOOP_ANALYSIS = YES;
				CLANG_WARN_STRICT_PROTOTYPES = YES;
				CLANG_WARN_SUSPICIOUS_MOVE = YES;
				CLANG_WARN_UNGUARDED_AVAILABILITY = YES_AGGRESSIVE;
				CLANG_WARN_UNREACHABLE_CODE = YES;
				CLANG_WARN__DUPLICATE_METHOD_MATCH = YES;
				COPY_PHASE_STRIP = NO;
				DEBUG_INFORMATION_FORMAT = dwarf;
				ENABLE_STRICT_OBJC_MSGSEND = YES;
				ENABLE_TESTABILITY = YES;
				GCC_C_LANGUAGE_STANDARD = gnu11;
				GCC_DYNAMIC_NO_PIC = NO;
				GCC_NO_COMMON_BLOCKS = YES;
				GCC_OPTIMIZATION_LEVEL = 0;
				GCC_PREPROCESSOR_DEFINITIONS = (
					"DEBUG=1",
					"$(inherited)",
				);
				GCC_WARN_64_TO_32_BIT_CONVERSION = YES;
				GCC_WARN_ABOUT_RETURN_TYPE = YES_ERROR;
				GCC_WARN_UNDECLARED_SELECTOR = YES;
				GCC_WARN_UNINITIALIZED_AUTOS = YES_AGGRESSIVE;
				GCC_WARN_UNUSED_FUNCTION = YES;
				GCC_WARN_UNUSED_VARIABLE = YES;
				IPHONEOS_DEPLOYMENT_TARGET = 16.2;
				MTL_ENABLE_DEBUG_INFO = INCLUDE_SOURCE;
				MTL_FAST_MATH = YES;
				ONLY_ACTIVE_ARCH = YES;
				SDKROOT = iphoneos;
				SWIFT_ACTIVE_COMPILATION_CONDITIONS = DEBUG;
				SWIFT_OPTIMIZATION_LEVEL = "-Onone";
			};
			name = Debug;
		};
		6F24662F29A4ECD900C4D534 /* Release */ = {
			isa = XCBuildConfiguration;
			buildSettings = {
				ALWAYS_SEARCH_USER_PATHS = NO;
				CLANG_ANALYZER_NONNULL = YES;
				CLANG_ANALYZER_NUMBER_OBJECT_CONVERSION = YES_AGGRESSIVE;
				CLANG_CXX_LANGUAGE_STANDARD = "gnu++20";
				CLANG_ENABLE_MODULES = YES;
				CLANG_ENABLE_OBJC_ARC = YES;
				CLANG_ENABLE_OBJC_WEAK = YES;
				CLANG_WARN_BLOCK_CAPTURE_AUTORELEASING = YES;
				CLANG_WARN_BOOL_CONVERSION = YES;
				CLANG_WARN_COMMA = YES;
				CLANG_WARN_CONSTANT_CONVERSION = YES;
				CLANG_WARN_DEPRECATED_OBJC_IMPLEMENTATIONS = YES;
				CLANG_WARN_DIRECT_OBJC_ISA_USAGE = YES_ERROR;
				CLANG_WARN_DOCUMENTATION_COMMENTS = YES;
				CLANG_WARN_EMPTY_BODY = YES;
				CLANG_WARN_ENUM_CONVERSION = YES;
				CLANG_WARN_INFINITE_RECURSION = YES;
				CLANG_WARN_INT_CONVERSION = YES;
				CLANG_WARN_NON_LITERAL_NULL_CONVERSION = YES;
				CLANG_WARN_OBJC_IMPLICIT_RETAIN_SELF = YES;
				CLANG_WARN_OBJC_LITERAL_CONVERSION = YES;
				CLANG_WARN_OBJC_ROOT_CLASS = YES_ERROR;
				CLANG_WARN_QUOTED_INCLUDE_IN_FRAMEWORK_HEADER = YES;
				CLANG_WARN_RANGE_LOOP_ANALYSIS = YES;
				CLANG_WARN_STRICT_PROTOTYPES = YES;
				CLANG_WARN_SUSPICIOUS_MOVE = YES;
				CLANG_WARN_UNGUARDED_AVAILABILITY = YES_AGGRESSIVE;
				CLANG_WARN_UNREACHABLE_CODE = YES;
				CLANG_WARN__DUPLICATE_METHOD_MATCH = YES;
				COPY_PHASE_STRIP = NO;
				DEBUG_INFORMATION_FORMAT = "dwarf-with-dsym";
				ENABLE_NS_ASSERTIONS = NO;
				ENABLE_STRICT_OBJC_MSGSEND = YES;
				GCC_C_LANGUAGE_STANDARD = gnu11;
				GCC_NO_COMMON_BLOCKS = YES;
				GCC_WARN_64_TO_32_BIT_CONVERSION = YES;
				GCC_WARN_ABOUT_RETURN_TYPE = YES_ERROR;
				GCC_WARN_UNDECLARED_SELECTOR = YES;
				GCC_WARN_UNINITIALIZED_AUTOS = YES_AGGRESSIVE;
				GCC_WARN_UNUSED_FUNCTION = YES;
				GCC_WARN_UNUSED_VARIABLE = YES;
				IPHONEOS_DEPLOYMENT_TARGET = 16.2;
				MTL_ENABLE_DEBUG_INFO = NO;
				MTL_FAST_MATH = YES;
				SDKROOT = iphoneos;
				SWIFT_COMPILATION_MODE = wholemodule;
				SWIFT_OPTIMIZATION_LEVEL = "-O";
				VALIDATE_PRODUCT = YES;
			};
			name = Release;
		};
		6F24663129A4ECD900C4D534 /* Debug */ = {
			isa = XCBuildConfiguration;
			buildSettings = {
				ASSETCATALOG_COMPILER_APPICON_NAME = AppIcon;
				ASSETCATALOG_COMPILER_GLOBAL_ACCENT_COLOR_NAME = AccentColor;
				CODE_SIGN_STYLE = Automatic;
				CURRENT_PROJECT_VERSION = 1;
				GENERATE_INFOPLIST_FILE = YES;
				INFOPLIST_FILE = "14Topic MVVM/Info.plist";
				INFOPLIST_KEY_UIApplicationSupportsIndirectInputEvents = YES;
				INFOPLIST_KEY_UILaunchStoryboardName = LaunchScreen;
				INFOPLIST_KEY_UIMainStoryboardFile = Main;
				INFOPLIST_KEY_UISupportedInterfaceOrientations_iPad = "UIInterfaceOrientationPortrait UIInterfaceOrientationPortraitUpsideDown UIInterfaceOrientationLandscapeLeft UIInterfaceOrientationLandscapeRight";
				INFOPLIST_KEY_UISupportedInterfaceOrientations_iPhone = "UIInterfaceOrientationPortrait UIInterfaceOrientationLandscapeLeft UIInterfaceOrientationLandscapeRight";
				LD_RUNPATH_SEARCH_PATHS = (
					"$(inherited)",
					"@executable_path/Frameworks",
				);
				MARKETING_VERSION = 1.0;
				PRODUCT_BUNDLE_IDENTIFIER = "naz.-4Topic-MVVM";
				PRODUCT_NAME = "$(TARGET_NAME)";
				SWIFT_EMIT_LOC_STRINGS = YES;
				SWIFT_VERSION = 5.0;
				TARGETED_DEVICE_FAMILY = "1,2";
			};
			name = Debug;
		};
		6F24663229A4ECD900C4D534 /* Release */ = {
			isa = XCBuildConfiguration;
			buildSettings = {
				ASSETCATALOG_COMPILER_APPICON_NAME = AppIcon;
				ASSETCATALOG_COMPILER_GLOBAL_ACCENT_COLOR_NAME = AccentColor;
				CODE_SIGN_STYLE = Automatic;
				CURRENT_PROJECT_VERSION = 1;
				GENERATE_INFOPLIST_FILE = YES;
				INFOPLIST_FILE = "14Topic MVVM/Info.plist";
				INFOPLIST_KEY_UIApplicationSupportsIndirectInputEvents = YES;
				INFOPLIST_KEY_UILaunchStoryboardName = LaunchScreen;
				INFOPLIST_KEY_UIMainStoryboardFile = Main;
				INFOPLIST_KEY_UISupportedInterfaceOrientations_iPad = "UIInterfaceOrientationPortrait UIInterfaceOrientationPortraitUpsideDown UIInterfaceOrientationLandscapeLeft UIInterfaceOrientationLandscapeRight";
				INFOPLIST_KEY_UISupportedInterfaceOrientations_iPhone = "UIInterfaceOrientationPortrait UIInterfaceOrientationLandscapeLeft UIInterfaceOrientationLandscapeRight";
				LD_RUNPATH_SEARCH_PATHS = (
					"$(inherited)",
					"@executable_path/Frameworks",
				);
				MARKETING_VERSION = 1.0;
				PRODUCT_BUNDLE_IDENTIFIER = "naz.-4Topic-MVVM";
				PRODUCT_NAME = "$(TARGET_NAME)";
				SWIFT_EMIT_LOC_STRINGS = YES;
				SWIFT_VERSION = 5.0;
				TARGETED_DEVICE_FAMILY = "1,2";
			};
			name = Release;
		};
		6F24663429A4ECD900C4D534 /* Debug */ = {
			isa = XCBuildConfiguration;
			buildSettings = {
				ALWAYS_EMBED_SWIFT_STANDARD_LIBRARIES = YES;
				BUNDLE_LOADER = "$(TEST_HOST)";
				CODE_SIGN_STYLE = Automatic;
				CURRENT_PROJECT_VERSION = 1;
				GENERATE_INFOPLIST_FILE = YES;
				IPHONEOS_DEPLOYMENT_TARGET = 16.2;
				MARKETING_VERSION = 1.0;
				PRODUCT_BUNDLE_IDENTIFIER = "naz.-4Topic-MVVMTests";
				PRODUCT_NAME = "$(TARGET_NAME)";
				SWIFT_EMIT_LOC_STRINGS = NO;
				SWIFT_VERSION = 5.0;
				TARGETED_DEVICE_FAMILY = "1,2";
				TEST_HOST = "$(BUILT_PRODUCTS_DIR)/14Topic MVVM.app/$(BUNDLE_EXECUTABLE_FOLDER_PATH)/14Topic MVVM";
			};
			name = Debug;
		};
		6F24663529A4ECD900C4D534 /* Release */ = {
			isa = XCBuildConfiguration;
			buildSettings = {
				ALWAYS_EMBED_SWIFT_STANDARD_LIBRARIES = YES;
				BUNDLE_LOADER = "$(TEST_HOST)";
				CODE_SIGN_STYLE = Automatic;
				CURRENT_PROJECT_VERSION = 1;
				GENERATE_INFOPLIST_FILE = YES;
				IPHONEOS_DEPLOYMENT_TARGET = 16.2;
				MARKETING_VERSION = 1.0;
				PRODUCT_BUNDLE_IDENTIFIER = "naz.-4Topic-MVVMTests";
				PRODUCT_NAME = "$(TARGET_NAME)";
				SWIFT_EMIT_LOC_STRINGS = NO;
				SWIFT_VERSION = 5.0;
				TARGETED_DEVICE_FAMILY = "1,2";
				TEST_HOST = "$(BUILT_PRODUCTS_DIR)/14Topic MVVM.app/$(BUNDLE_EXECUTABLE_FOLDER_PATH)/14Topic MVVM";
			};
			name = Release;
		};
		6F24663729A4ECD900C4D534 /* Debug */ = {
			isa = XCBuildConfiguration;
			buildSettings = {
				ALWAYS_EMBED_SWIFT_STANDARD_LIBRARIES = YES;
				CODE_SIGN_STYLE = Automatic;
				CURRENT_PROJECT_VERSION = 1;
				GENERATE_INFOPLIST_FILE = YES;
				MARKETING_VERSION = 1.0;
				PRODUCT_BUNDLE_IDENTIFIER = "naz.-4Topic-MVVMUITests";
				PRODUCT_NAME = "$(TARGET_NAME)";
				SWIFT_EMIT_LOC_STRINGS = NO;
				SWIFT_VERSION = 5.0;
				TARGETED_DEVICE_FAMILY = "1,2";
				TEST_TARGET_NAME = "14Topic MVVM";
			};
			name = Debug;
		};
		6F24663829A4ECD900C4D534 /* Release */ = {
			isa = XCBuildConfiguration;
			buildSettings = {
				ALWAYS_EMBED_SWIFT_STANDARD_LIBRARIES = YES;
				CODE_SIGN_STYLE = Automatic;
				CURRENT_PROJECT_VERSION = 1;
				GENERATE_INFOPLIST_FILE = YES;
				MARKETING_VERSION = 1.0;
				PRODUCT_BUNDLE_IDENTIFIER = "naz.-4Topic-MVVMUITests";
				PRODUCT_NAME = "$(TARGET_NAME)";
				SWIFT_EMIT_LOC_STRINGS = NO;
				SWIFT_VERSION = 5.0;
				TARGETED_DEVICE_FAMILY = "1,2";
				TEST_TARGET_NAME = "14Topic MVVM";
			};
			name = Release;
		};
/* End XCBuildConfiguration section */

/* Begin XCConfigurationList section */
		6F24660129A4ECD700C4D534 /* Build configuration list for PBXProject "14Topic MVVM" */ = {
			isa = XCConfigurationList;
			buildConfigurations = (
				6F24662E29A4ECD900C4D534 /* Debug */,
				6F24662F29A4ECD900C4D534 /* Release */,
			);
			defaultConfigurationIsVisible = 0;
			defaultConfigurationName = Release;
		};
		6F24663029A4ECD900C4D534 /* Build configuration list for PBXNativeTarget "14Topic MVVM" */ = {
			isa = XCConfigurationList;
			buildConfigurations = (
				6F24663129A4ECD900C4D534 /* Debug */,
				6F24663229A4ECD900C4D534 /* Release */,
			);
			defaultConfigurationIsVisible = 0;
			defaultConfigurationName = Release;
		};
		6F24663329A4ECD900C4D534 /* Build configuration list for PBXNativeTarget "14Topic MVVMTests" */ = {
			isa = XCConfigurationList;
			buildConfigurations = (
				6F24663429A4ECD900C4D534 /* Debug */,
				6F24663529A4ECD900C4D534 /* Release */,
			);
			defaultConfigurationIsVisible = 0;
			defaultConfigurationName = Release;
		};
		6F24663629A4ECD900C4D534 /* Build configuration list for PBXNativeTarget "14Topic MVVMUITests" */ = {
			isa = XCConfigurationList;
			buildConfigurations = (
				6F24663729A4ECD900C4D534 /* Debug */,
				6F24663829A4ECD900C4D534 /* Release */,
			);
			defaultConfigurationIsVisible = 0;
			defaultConfigurationName = Release;
		};
/* End XCConfigurationList section */
	};
	rootObject = 6F2465FE29A4ECD700C4D534 /* Project object */;
}
